# THIS IS AN AUTOGENERATED FILE. DO NOT EDIT THIS FILE DIRECTLY.
# yarn lockfile v1


bootstrap-icons@^1.11.1:
  version "1.11.1"
  resolved "https://registry.yarnpkg.com/bootstrap-icons/-/bootstrap-icons-1.11.1.tgz#79e32494871d8c98e9d14f4bcdc278cee9b1dafd"
  integrity sha512-F0DDp7nKUX+x/QtpfRZ+XHFya60ng9nfdpdS59vDDfs4Uhuxp7zym/QavMsu/xx51txkoM9eVmpE7D08N35blw==

bootstrap@^5.3.2:
  version "5.3.2"
  resolved "https://registry.yarnpkg.com/bootstrap/-/bootstrap-5.3.2.tgz#97226583f27aae93b2b28ab23f4c114757ff16ae"
  integrity sha512-D32nmNWiQHo94BKHLmOrdjlL05q1c8oxbtBphQFb9Z5to6eGRDCm0QgeaZ4zFBHzfg2++rqa2JkqCcxDy0sH0g==
